
Microsoft Visual Studio Solution File, Format Version 12.00
Project("{FAE04EC0-301F-11D3-BF4B-00C04F79EFBC}") = "Diplom", "Diplom\Diplom.csproj", "{6F609811-2E98-43CE-A064-9097CBA3B4C4}"
EndProject
Global
	GlobalSection(SolutionConfigurationPlatforms) = preSolution
		Debug|Any CPU = Debug|Any CPU
		Release|Any CPU = Release|Any CPU
	EndGlobalSection
	GlobalSection(ProjectConfigurationPlatforms) = postSolution
		{6F609811-2E98-43CE-A064-9097CBA3B4C4}.Debug|Any CPU.ActiveCfg = Debug|Any CPU
		{6F609811-2E98-43CE-A064-9097CBA3B4C4}.Debug|Any CPU.Build.0 = Debug|Any CPU
		{6F609811-2E98-43CE-A064-9097CBA3B4C4}.Release|Any CPU.ActiveCfg = Debug|Any CPU
		{6F609811-2E98-43CE-A064-9097CBA3B4C4}.Release|Any CPU.Build.0 = Debug|Any CPU
	EndGlobalSection
EndGlobal
